// !$*UTF8*$!
{
	archiveVersion = 1;
	classes = {
	};
	objectVersion = 46;
	objects = {

/* Begin PBXBuildFile section */
		72329B4D1A940FA30083EA8F /* TAModeTest.m in Sources */ = {isa = PBXBuildFile; fileRef = 72329B4C1A940FA30083EA8F /* TAModeTest.m */; };
		72361BC31A90F4DB000CA293 /* TAMode.h in Headers */ = {isa = PBXBuildFile; fileRef = 72361BC21A90F4DB000CA293 /* TAMode.h */; };
		72361BC71A90F4DB000CA293 /* TAMode.cpp in Sources */ = {isa = PBXBuildFile; fileRef = 72361BC61A90F4DB000CA293 /* TAMode.cpp */; };
		72361BD61A90F541000CA293 /* cvode_dense.c in Sources */ = {isa = PBXBuildFile; fileRef = 72361BCD1A90F541000CA293 /* cvode_dense.c */; };
		72361BD71A90F541000CA293 /* cvode_dense.h in Headers */ = {isa = PBXBuildFile; fileRef = 72361BCE1A90F541000CA293 /* cvode_dense.h */; };
		72361BD81A90F541000CA293 /* cvode_direct_impl.h in Headers */ = {isa = PBXBuildFile; fileRef = 72361BCF1A90F541000CA293 /* cvode_direct_impl.h */; };
		72361BD91A90F541000CA293 /* cvode_direct.c in Sources */ = {isa = PBXBuildFile; fileRef = 72361BD01A90F541000CA293 /* cvode_direct.c */; };
		72361BDA1A90F541000CA293 /* cvode_direct.h in Headers */ = {isa = PBXBuildFile; fileRef = 72361BD11A90F541000CA293 /* cvode_direct.h */; };
		72361BDB1A90F541000CA293 /* cvode_impl.h in Headers */ = {isa = PBXBuildFile; fileRef = 72361BD21A90F541000CA293 /* cvode_impl.h */; };
		72361BDC1A90F541000CA293 /* cvode_io.c in Sources */ = {isa = PBXBuildFile; fileRef = 72361BD31A90F541000CA293 /* cvode_io.c */; };
		72361BDD1A90F541000CA293 /* cvode.c in Sources */ = {isa = PBXBuildFile; fileRef = 72361BD41A90F541000CA293 /* cvode.c */; };
		72361BDE1A90F541000CA293 /* cvode.h in Headers */ = {isa = PBXBuildFile; fileRef = 72361BD51A90F541000CA293 /* cvode.h */; };
		72361BE81A90F552000CA293 /* nvector_serial.c in Sources */ = {isa = PBXBuildFile; fileRef = 72361BDF1A90F552000CA293 /* nvector_serial.c */; };
		72361BE91A90F552000CA293 /* nvector_serial.h in Headers */ = {isa = PBXBuildFile; fileRef = 72361BE01A90F552000CA293 /* nvector_serial.h */; };
		72361BEA1A90F552000CA293 /* sundials_dense.c in Sources */ = {isa = PBXBuildFile; fileRef = 72361BE11A90F552000CA293 /* sundials_dense.c */; };
		72361BEB1A90F552000CA293 /* sundials_dense.h in Headers */ = {isa = PBXBuildFile; fileRef = 72361BE21A90F552000CA293 /* sundials_dense.h */; };
		72361BEC1A90F552000CA293 /* sundials_direct.c in Sources */ = {isa = PBXBuildFile; fileRef = 72361BE31A90F552000CA293 /* sundials_direct.c */; };
		72361BED1A90F552000CA293 /* sundials_direct.h in Headers */ = {isa = PBXBuildFile; fileRef = 72361BE41A90F552000CA293 /* sundials_direct.h */; };
		72361BEE1A90F552000CA293 /* sundials_nvector.c in Sources */ = {isa = PBXBuildFile; fileRef = 72361BE51A90F552000CA293 /* sundials_nvector.c */; };
		72361BEF1A90F552000CA293 /* sundials_nvector.h in Headers */ = {isa = PBXBuildFile; fileRef = 72361BE61A90F552000CA293 /* sundials_nvector.h */; };
		72361BF01A90F552000CA293 /* sundials_types.h in Headers */ = {isa = PBXBuildFile; fileRef = 72361BE71A90F552000CA293 /* sundials_types.h */; };
		72361BFB1A90F56D000CA293 /* cobyla.c in Sources */ = {isa = PBXBuildFile; fileRef = 72361BF31A90F56D000CA293 /* cobyla.c */; };
		72361BFC1A90F56D000CA293 /* cobyla.h in Headers */ = {isa = PBXBuildFile; fileRef = 72361BF41A90F56D000CA293 /* cobyla.h */; };
		72361BFD1A90F56D000CA293 /* CVodeHelpers.cpp in Sources */ = {isa = PBXBuildFile; fileRef = 72361BF51A90F56D000CA293 /* CVodeHelpers.cpp */; };
		72361BFE1A90F56D000CA293 /* CVodeHelpers.h in Headers */ = {isa = PBXBuildFile; fileRef = 72361BF61A90F56D000CA293 /* CVodeHelpers.h */; };
		72F6CDE01A943685001DAA80 /* CVodeHelpers.cpp in Sources */ = {isa = PBXBuildFile; fileRef = 72361BF51A90F56D000CA293 /* CVodeHelpers.cpp */; };
		72F6CDE11A943685001DAA80 /* nvector_serial.c in Sources */ = {isa = PBXBuildFile; fileRef = 72361BDF1A90F552000CA293 /* nvector_serial.c */; };
		72F6CDE21A943685001DAA80 /* cvode_dense.c in Sources */ = {isa = PBXBuildFile; fileRef = 72361BCD1A90F541000CA293 /* cvode_dense.c */; };
		72F6CDE31A943685001DAA80 /* cvode_direct.c in Sources */ = {isa = PBXBuildFile; fileRef = 72361BD01A90F541000CA293 /* cvode_direct.c */; };
		72F6CDE41A943685001DAA80 /* cvode_io.c in Sources */ = {isa = PBXBuildFile; fileRef = 72361BD31A90F541000CA293 /* cvode_io.c */; };
		72F6CDE51A943685001DAA80 /* cvode.c in Sources */ = {isa = PBXBuildFile; fileRef = 72361BD41A90F541000CA293 /* cvode.c */; };
		72F6CDE61A943692001DAA80 /* sundials_dense.c in Sources */ = {isa = PBXBuildFile; fileRef = 72361BE11A90F552000CA293 /* sundials_dense.c */; };
		72F6CDE71A943692001DAA80 /* sundials_direct.c in Sources */ = {isa = PBXBuildFile; fileRef = 72361BE31A90F552000CA293 /* sundials_direct.c */; };
		72F6CDE81A943692001DAA80 /* sundials_nvector.c in Sources */ = {isa = PBXBuildFile; fileRef = 72361BE51A90F552000CA293 /* sundials_nvector.c */; };
		72F6CDE91A943692001DAA80 /* cobyla.c in Sources */ = {isa = PBXBuildFile; fileRef = 72361BF31A90F56D000CA293 /* cobyla.c */; };
		72F6CDEA1A943692001DAA80 /* TAMode.cpp in Sources */ = {isa = PBXBuildFile; fileRef = 72361BC61A90F4DB000CA293 /* TAMode.cpp */; };
/* End PBXBuildFile section */

/* Begin PBXContainerItemProxy section */
		72F6CDC61A942DD5001DAA80 /* PBXContainerItemProxy */ = {
			isa = PBXContainerItemProxy;
			containerPortal = 72361BB71A90F4DB000CA293 /* Project object */;
			proxyType = 1;
			remoteGlobalIDString = 72361BBE1A90F4DB000CA293;
			remoteInfo = TAMode;
		};
/* End PBXContainerItemProxy section */

/* Begin PBXFileReference section */
		72329B481A940FA30083EA8F /* TAModeTest.xctest */ = {isa = PBXFileReference; explicitFileType = wrapper.cfbundle; includeInIndex = 0; path = TAModeTest.xctest; sourceTree = BUILT_PRODUCTS_DIR; };
		72329B4B1A940FA30083EA8F /* Info.plist */ = {isa = PBXFileReference; lastKnownFileType = text.plist.xml; path = Info.plist; sourceTree = "<group>"; };
		72329B4C1A940FA30083EA8F /* TAModeTest.m */ = {isa = PBXFileReference; lastKnownFileType = sourcecode.c.objc; path = TAModeTest.m; sourceTree = "<group>"; };
		72361BBF1A90F4DB000CA293 /* libTAMode.dylib */ = {isa = PBXFileReference; explicitFileType = "compiled.mach-o.dylib"; includeInIndex = 0; path = libTAMode.dylib; sourceTree = BUILT_PRODUCTS_DIR; };
		72361BC21A90F4DB000CA293 /* TAMode.h */ = {isa = PBXFileReference; lastKnownFileType = sourcecode.c.h; path = TAMode.h; sourceTree = "<group>"; };
		72361BC61A90F4DB000CA293 /* TAMode.cpp */ = {isa = PBXFileReference; lastKnownFileType = sourcecode.cpp.cpp; path = TAMode.cpp; sourceTree = "<group>"; };
		72361BCD1A90F541000CA293 /* cvode_dense.c */ = {isa = PBXFileReference; fileEncoding = 4; lastKnownFileType = sourcecode.c.c; path = cvode_dense.c; sourceTree = "<group>"; };
		72361BCE1A90F541000CA293 /* cvode_dense.h */ = {isa = PBXFileReference; fileEncoding = 4; lastKnownFileType = sourcecode.c.h; path = cvode_dense.h; sourceTree = "<group>"; };
		72361BCF1A90F541000CA293 /* cvode_direct_impl.h */ = {isa = PBXFileReference; fileEncoding = 4; lastKnownFileType = sourcecode.c.h; path = cvode_direct_impl.h; sourceTree = "<group>"; };
		72361BD01A90F541000CA293 /* cvode_direct.c */ = {isa = PBXFileReference; fileEncoding = 4; lastKnownFileType = sourcecode.c.c; path = cvode_direct.c; sourceTree = "<group>"; };
		72361BD11A90F541000CA293 /* cvode_direct.h */ = {isa = PBXFileReference; fileEncoding = 4; lastKnownFileType = sourcecode.c.h; path = cvode_direct.h; sourceTree = "<group>"; };
		72361BD21A90F541000CA293 /* cvode_impl.h */ = {isa = PBXFileReference; fileEncoding = 4; lastKnownFileType = sourcecode.c.h; path = cvode_impl.h; sourceTree = "<group>"; };
		72361BD31A90F541000CA293 /* cvode_io.c */ = {isa = PBXFileReference; fileEncoding = 4; lastKnownFileType = sourcecode.c.c; path = cvode_io.c; sourceTree = "<group>"; };
		72361BD41A90F541000CA293 /* cvode.c */ = {isa = PBXFileReference; fileEncoding = 4; lastKnownFileType = sourcecode.c.c; path = cvode.c; sourceTree = "<group>"; };
		72361BD51A90F541000CA293 /* cvode.h */ = {isa = PBXFileReference; fileEncoding = 4; lastKnownFileType = sourcecode.c.h; path = cvode.h; sourceTree = "<group>"; };
		72361BDF1A90F552000CA293 /* nvector_serial.c */ = {isa = PBXFileReference; fileEncoding = 4; lastKnownFileType = sourcecode.c.c; path = nvector_serial.c; sourceTree = "<group>"; };
		72361BE01A90F552000CA293 /* nvector_serial.h */ = {isa = PBXFileReference; fileEncoding = 4; lastKnownFileType = sourcecode.c.h; path = nvector_serial.h; sourceTree = "<group>"; };
		72361BE11A90F552000CA293 /* sundials_dense.c */ = {isa = PBXFileReference; fileEncoding = 4; lastKnownFileType = sourcecode.c.c; path = sundials_dense.c; sourceTree = "<group>"; };
		72361BE21A90F552000CA293 /* sundials_dense.h */ = {isa = PBXFileReference; fileEncoding = 4; lastKnownFileType = sourcecode.c.h; path = sundials_dense.h; sourceTree = "<group>"; };
		72361BE31A90F552000CA293 /* sundials_direct.c */ = {isa = PBXFileReference; fileEncoding = 4; lastKnownFileType = sourcecode.c.c; path = sundials_direct.c; sourceTree = "<group>"; };
		72361BE41A90F552000CA293 /* sundials_direct.h */ = {isa = PBXFileReference; fileEncoding = 4; lastKnownFileType = sourcecode.c.h; path = sundials_direct.h; sourceTree = "<group>"; };
		72361BE51A90F552000CA293 /* sundials_nvector.c */ = {isa = PBXFileReference; fileEncoding = 4; lastKnownFileType = sourcecode.c.c; path = sundials_nvector.c; sourceTree = "<group>"; };
		72361BE61A90F552000CA293 /* sundials_nvector.h */ = {isa = PBXFileReference; fileEncoding = 4; lastKnownFileType = sourcecode.c.h; path = sundials_nvector.h; sourceTree = "<group>"; };
		72361BE71A90F552000CA293 /* sundials_types.h */ = {isa = PBXFileReference; fileEncoding = 4; lastKnownFileType = sourcecode.c.h; path = sundials_types.h; sourceTree = "<group>"; };
		72361BF31A90F56D000CA293 /* cobyla.c */ = {isa = PBXFileReference; fileEncoding = 4; lastKnownFileType = sourcecode.c.c; path = cobyla.c; sourceTree = "<group>"; };
		72361BF41A90F56D000CA293 /* cobyla.h */ = {isa = PBXFileReference; fileEncoding = 4; lastKnownFileType = sourcecode.c.h; path = cobyla.h; sourceTree = "<group>"; };
		72361BF51A90F56D000CA293 /* CVodeHelpers.cpp */ = {isa = PBXFileReference; fileEncoding = 4; lastKnownFileType = sourcecode.cpp.cpp; path = CVodeHelpers.cpp; sourceTree = "<group>"; };
		72361BF61A90F56D000CA293 /* CVodeHelpers.h */ = {isa = PBXFileReference; fileEncoding = 4; lastKnownFileType = sourcecode.c.h; path = CVodeHelpers.h; sourceTree = "<group>"; };
/* End PBXFileReference section */

/* Begin PBXFrameworksBuildPhase section */
		72329B451A940FA30083EA8F /* Frameworks */ = {
			isa = PBXFrameworksBuildPhase;
			buildActionMask = 2147483647;
			files = (
			);
			runOnlyForDeploymentPostprocessing = 0;
		};
		72361BBC1A90F4DB000CA293 /* Frameworks */ = {
			isa = PBXFrameworksBuildPhase;
			buildActionMask = 2147483647;
			files = (
			);
			runOnlyForDeploymentPostprocessing = 0;
		};
/* End PBXFrameworksBuildPhase section */

/* Begin PBXGroup section */
		72329B491A940FA30083EA8F /* TAModeTest */ = {
			isa = PBXGroup;
			children = (
				72329B4C1A940FA30083EA8F /* TAModeTest.m */,
				72329B4A1A940FA30083EA8F /* Supporting Files */,
			);
			path = TAModeTest;
			sourceTree = "<group>";
		};
		72329B4A1A940FA30083EA8F /* Supporting Files */ = {
			isa = PBXGroup;
			children = (
				72329B4B1A940FA30083EA8F /* Info.plist */,
			);
			name = "Supporting Files";
			sourceTree = "<group>";
		};
		72361BB61A90F4DB000CA293 = {
			isa = PBXGroup;
			children = (
				72361BC11A90F4DB000CA293 /* TAMode */,
				72329B491A940FA30083EA8F /* TAModeTest */,
				72361BC01A90F4DB000CA293 /* Products */,
			);
			sourceTree = "<group>";
		};
		72361BC01A90F4DB000CA293 /* Products */ = {
			isa = PBXGroup;
			children = (
				72361BBF1A90F4DB000CA293 /* libTAMode.dylib */,
				72329B481A940FA30083EA8F /* TAModeTest.xctest */,
			);
			name = Products;
			sourceTree = "<group>";
		};
		72361BC11A90F4DB000CA293 /* TAMode */ = {
			isa = PBXGroup;
			children = (
				72361C011A90F578000CA293 /* Libs */,
				72361BC21A90F4DB000CA293 /* TAMode.h */,
				72361BC61A90F4DB000CA293 /* TAMode.cpp */,
			);
			path = TAMode;
			sourceTree = "<group>";
		};
		72361C011A90F578000CA293 /* Libs */ = {
			isa = PBXGroup;
			children = (
				72361BF51A90F56D000CA293 /* CVodeHelpers.cpp */,
				72361BF61A90F56D000CA293 /* CVodeHelpers.h */,
				72361BDF1A90F552000CA293 /* nvector_serial.c */,
				72361BE01A90F552000CA293 /* nvector_serial.h */,
				72361BCD1A90F541000CA293 /* cvode_dense.c */,
				72361BCE1A90F541000CA293 /* cvode_dense.h */,
				72361BCF1A90F541000CA293 /* cvode_direct_impl.h */,
				72361BD01A90F541000CA293 /* cvode_direct.c */,
				72361BD11A90F541000CA293 /* cvode_direct.h */,
				72361BD21A90F541000CA293 /* cvode_impl.h */,
				72361BD31A90F541000CA293 /* cvode_io.c */,
				72361BD41A90F541000CA293 /* cvode.c */,
				72361BD51A90F541000CA293 /* cvode.h */,
				72361BE11A90F552000CA293 /* sundials_dense.c */,
				72361BE21A90F552000CA293 /* sundials_dense.h */,
				72361BE31A90F552000CA293 /* sundials_direct.c */,
				72361BE41A90F552000CA293 /* sundials_direct.h */,
				72361BE51A90F552000CA293 /* sundials_nvector.c */,
				72361BE61A90F552000CA293 /* sundials_nvector.h */,
				72361BE71A90F552000CA293 /* sundials_types.h */,
				72361BF31A90F56D000CA293 /* cobyla.c */,
				72361BF41A90F56D000CA293 /* cobyla.h */,
			);
			name = Libs;
			sourceTree = "<group>";
		};
/* End PBXGroup section */

/* Begin PBXHeadersBuildPhase section */
		72361BBD1A90F4DB000CA293 /* Headers */ = {
			isa = PBXHeadersBuildPhase;
			buildActionMask = 2147483647;
			files = (
				72361BFC1A90F56D000CA293 /* cobyla.h in Headers */,
				72361BED1A90F552000CA293 /* sundials_direct.h in Headers */,
				72361BFE1A90F56D000CA293 /* CVodeHelpers.h in Headers */,
				72361BDE1A90F541000CA293 /* cvode.h in Headers */,
				72361BD81A90F541000CA293 /* cvode_direct_impl.h in Headers */,
				72361BD71A90F541000CA293 /* cvode_dense.h in Headers */,
				72361BC31A90F4DB000CA293 /* TAMode.h in Headers */,
				72361BEF1A90F552000CA293 /* sundials_nvector.h in Headers */,
				72361BDA1A90F541000CA293 /* cvode_direct.h in Headers */,
				72361BDB1A90F541000CA293 /* cvode_impl.h in Headers */,
				72361BE91A90F552000CA293 /* nvector_serial.h in Headers */,
				72361BF01A90F552000CA293 /* sundials_types.h in Headers */,
				72361BEB1A90F552000CA293 /* sundials_dense.h in Headers */,
			);
			runOnlyForDeploymentPostprocessing = 0;
		};
/* End PBXHeadersBuildPhase section */

/* Begin PBXNativeTarget section */
		72329B471A940FA30083EA8F /* TAModeTest */ = {
			isa = PBXNativeTarget;
			buildConfigurationList = 72329B4E1A940FA30083EA8F /* Build configuration list for PBXNativeTarget "TAModeTest" */;
			buildPhases = (
				72329B441A940FA30083EA8F /* Sources */,
				72329B451A940FA30083EA8F /* Frameworks */,
				72329B461A940FA30083EA8F /* Resources */,
			);
			buildRules = (
			);
			dependencies = (
				72F6CDC71A942DD5001DAA80 /* PBXTargetDependency */,
			);
			name = TAModeTest;
			productName = TAModeTest;
			productReference = 72329B481A940FA30083EA8F /* TAModeTest.xctest */;
			productType = "com.apple.product-type.bundle.unit-test";
		};
		72361BBE1A90F4DB000CA293 /* TAMode */ = {
			isa = PBXNativeTarget;
			buildConfigurationList = 72361BCA1A90F4DB000CA293 /* Build configuration list for PBXNativeTarget "TAMode" */;
			buildPhases = (
				72361BBB1A90F4DB000CA293 /* Sources */,
				72361BBC1A90F4DB000CA293 /* Frameworks */,
				72361BBD1A90F4DB000CA293 /* Headers */,
			);
			buildRules = (
			);
			dependencies = (
			);
			name = TAMode;
			productName = TAMode;
			productReference = 72361BBF1A90F4DB000CA293 /* libTAMode.dylib */;
			productType = "com.apple.product-type.library.dynamic";
		};
/* End PBXNativeTarget section */

/* Begin PBXProject section */
		72361BB71A90F4DB000CA293 /* Project object */ = {
			isa = PBXProject;
			attributes = {
				LastUpgradeCheck = 0610;
				ORGANIZATIONNAME = "Aaron Meyer";
				TargetAttributes = {
					72329B471A940FA30083EA8F = {
						CreatedOnToolsVersion = 6.1.1;
					};
					72361BBE1A90F4DB000CA293 = {
						CreatedOnToolsVersion = 6.1.1;
					};
				};
			};
			buildConfigurationList = 72361BBA1A90F4DB000CA293 /* Build configuration list for PBXProject "TAMode" */;
			compatibilityVersion = "Xcode 3.2";
			developmentRegion = English;
			hasScannedForEncodings = 0;
			knownRegions = (
				en,
			);
			mainGroup = 72361BB61A90F4DB000CA293;
			productRefGroup = 72361BC01A90F4DB000CA293 /* Products */;
			projectDirPath = "";
			projectRoot = "";
			targets = (
				72361BBE1A90F4DB000CA293 /* TAMode */,
				72329B471A940FA30083EA8F /* TAModeTest */,
			);
		};
/* End PBXProject section */

/* Begin PBXResourcesBuildPhase section */
		72329B461A940FA30083EA8F /* Resources */ = {
			isa = PBXResourcesBuildPhase;
			buildActionMask = 2147483647;
			files = (
			);
			runOnlyForDeploymentPostprocessing = 0;
		};
/* End PBXResourcesBuildPhase section */

/* Begin PBXSourcesBuildPhase section */
		72329B441A940FA30083EA8F /* Sources */ = {
			isa = PBXSourcesBuildPhase;
			buildActionMask = 2147483647;
			files = (
				72F6CDE61A943692001DAA80 /* sundials_dense.c in Sources */,
				72F6CDE71A943692001DAA80 /* sundials_direct.c in Sources */,
				72F6CDE81A943692001DAA80 /* sundials_nvector.c in Sources */,
				72F6CDE91A943692001DAA80 /* cobyla.c in Sources */,
				72F6CDEA1A943692001DAA80 /* TAMode.cpp in Sources */,
				72F6CDE01A943685001DAA80 /* CVodeHelpers.cpp in Sources */,
				72F6CDE11A943685001DAA80 /* nvector_serial.c in Sources */,
				72F6CDE21A943685001DAA80 /* cvode_dense.c in Sources */,
				72F6CDE31A943685001DAA80 /* cvode_direct.c in Sources */,
				72F6CDE41A943685001DAA80 /* cvode_io.c in Sources */,
				72F6CDE51A943685001DAA80 /* cvode.c in Sources */,
				72329B4D1A940FA30083EA8F /* TAModeTest.m in Sources */,
			);
			runOnlyForDeploymentPostprocessing = 0;
		};
		72361BBB1A90F4DB000CA293 /* Sources */ = {
			isa = PBXSourcesBuildPhase;
			buildActionMask = 2147483647;
			files = (
				72361BD91A90F541000CA293 /* cvode_direct.c in Sources */,
				72361BFD1A90F56D000CA293 /* CVodeHelpers.cpp in Sources */,
				72361BC71A90F4DB000CA293 /* TAMode.cpp in Sources */,
				72361BEE1A90F552000CA293 /* sundials_nvector.c in Sources */,
				72361BDD1A90F541000CA293 /* cvode.c in Sources */,
				72361BFB1A90F56D000CA293 /* cobyla.c in Sources */,
				72361BE81A90F552000CA293 /* nvector_serial.c in Sources */,
				72361BD61A90F541000CA293 /* cvode_dense.c in Sources */,
				72361BDC1A90F541000CA293 /* cvode_io.c in Sources */,
				72361BEA1A90F552000CA293 /* sundials_dense.c in Sources */,
				72361BEC1A90F552000CA293 /* sundials_direct.c in Sources */,
			);
			runOnlyForDeploymentPostprocessing = 0;
		};
/* End PBXSourcesBuildPhase section */

/* Begin PBXTargetDependency section */
		72F6CDC71A942DD5001DAA80 /* PBXTargetDependency */ = {
			isa = PBXTargetDependency;
			target = 72361BBE1A90F4DB000CA293 /* TAMode */;
			targetProxy = 72F6CDC61A942DD5001DAA80 /* PBXContainerItemProxy */;
		};
/* End PBXTargetDependency section */

/* Begin XCBuildConfiguration section */
		72329B4F1A940FA30083EA8F /* Debug */ = {
			isa = XCBuildConfiguration;
			buildSettings = {
				COMBINE_HIDPI_IMAGES = YES;
				FRAMEWORK_SEARCH_PATHS = (
					"$(DEVELOPER_FRAMEWORKS_DIR)",
					"$(inherited)",
				);
				GCC_PREPROCESSOR_DEFINITIONS = (
					"DEBUG=1",
					"$(inherited)",
				);
				INFOPLIST_FILE = TAModeTest/Info.plist;
				LD_RUNPATH_SEARCH_PATHS = "$(inherited) @executable_path/../Frameworks @loader_path/../Frameworks";
				PRODUCT_NAME = "$(TARGET_NAME)";
			};
			name = Debug;
		};
		72329B501A940FA30083EA8F /* Release */ = {
			isa = XCBuildConfiguration;
			buildSettings = {
				COMBINE_HIDPI_IMAGES = YES;
				FRAMEWORK_SEARCH_PATHS = (
					"$(DEVELOPER_FRAMEWORKS_DIR)",
					"$(inherited)",
				);
				INFOPLIST_FILE = TAModeTest/Info.plist;
				LD_RUNPATH_SEARCH_PATHS = "$(inherited) @executable_path/../Frameworks @loader_path/../Frameworks";
				PRODUCT_NAME = "$(TARGET_NAME)";
			};
			name = Release;
		};
		72361BC81A90F4DB000CA293 /* Debug */ = {
			isa = XCBuildConfiguration;
			buildSettings = {
				ALWAYS_SEARCH_USER_PATHS = NO;
				CLANG_CXX_LANGUAGE_STANDARD = "gnu++0x";
				CLANG_CXX_LIBRARY = "libc++";
				CLANG_ENABLE_MODULES = YES;
				CLANG_ENABLE_OBJC_ARC = YES;
				CLANG_WARN_BOOL_CONVERSION = YES;
				CLANG_WARN_CONSTANT_CONVERSION = YES;
				CLANG_WARN_DIRECT_OBJC_ISA_USAGE = YES_ERROR;
				CLANG_WARN_EMPTY_BODY = YES;
				CLANG_WARN_ENUM_CONVERSION = YES;
				CLANG_WARN_INT_CONVERSION = YES;
				CLANG_WARN_OBJC_ROOT_CLASS = YES_ERROR;
				CLANG_WARN_UNREACHABLE_CODE = YES;
				CLANG_WARN__DUPLICATE_METHOD_MATCH = YES;
				COPY_PHASE_STRIP = NO;
				ENABLE_STRICT_OBJC_MSGSEND = YES;
				FRAMEWORK_SEARCH_PATHS = "$(PLATFORM_DIR)/Developer/Library/Frameworks";
				GCC_C_LANGUAGE_STANDARD = gnu99;
				GCC_DYNAMIC_NO_PIC = NO;
				GCC_OPTIMIZATION_LEVEL = 0;
				GCC_PREPROCESSOR_DEFINITIONS = (
					"DEBUG=1",
					"$(inherited)",
				);
				GCC_SYMBOLS_PRIVATE_EXTERN = NO;
				GCC_WARN_64_TO_32_BIT_CONVERSION = YES;
				GCC_WARN_ABOUT_RETURN_TYPE = YES_ERROR;
				GCC_WARN_UNDECLARED_SELECTOR = YES;
				GCC_WARN_UNINITIALIZED_AUTOS = YES_AGGRESSIVE;
				GCC_WARN_UNUSED_FUNCTION = NO;
				GCC_WARN_UNUSED_VARIABLE = YES;
				LIBRARY_SEARCH_PATHS = "$(inherited)";
				MACOSX_DEPLOYMENT_TARGET = 10.10;
				MTL_ENABLE_DEBUG_INFO = YES;
				ONLY_ACTIVE_ARCH = YES;
				SDKROOT = macosx;
			};
			name = Debug;
		};
		72361BC91A90F4DB000CA293 /* Release */ = {
			isa = XCBuildConfiguration;
			buildSettings = {
				ALWAYS_SEARCH_USER_PATHS = NO;
				CLANG_CXX_LANGUAGE_STANDARD = "gnu++0x";
				CLANG_CXX_LIBRARY = "libc++";
				CLANG_ENABLE_MODULES = YES;
				CLANG_ENABLE_OBJC_ARC = YES;
				CLANG_WARN_BOOL_CONVERSION = YES;
				CLANG_WARN_CONSTANT_CONVERSION = YES;
				CLANG_WARN_DIRECT_OBJC_ISA_USAGE = YES_ERROR;
				CLANG_WARN_EMPTY_BODY = YES;
				CLANG_WARN_ENUM_CONVERSION = YES;
				CLANG_WARN_INT_CONVERSION = YES;
				CLANG_WARN_OBJC_ROOT_CLASS = YES_ERROR;
				CLANG_WARN_UNREACHABLE_CODE = YES;
				CLANG_WARN__DUPLICATE_METHOD_MATCH = YES;
				COPY_PHASE_STRIP = YES;
				DEBUG_INFORMATION_FORMAT = "dwarf-with-dsym";
				ENABLE_NS_ASSERTIONS = NO;
				ENABLE_STRICT_OBJC_MSGSEND = YES;
				FRAMEWORK_SEARCH_PATHS = "$(PLATFORM_DIR)/Developer/Library/Frameworks";
				GCC_C_LANGUAGE_STANDARD = gnu99;
				GCC_WARN_64_TO_32_BIT_CONVERSION = YES;
				GCC_WARN_ABOUT_RETURN_TYPE = YES_ERROR;
				GCC_WARN_UNDECLARED_SELECTOR = YES;
				GCC_WARN_UNINITIALIZED_AUTOS = YES_AGGRESSIVE;
				GCC_WARN_UNUSED_FUNCTION = NO;
				GCC_WARN_UNUSED_VARIABLE = YES;
				LIBRARY_SEARCH_PATHS = "$(inherited)";
				MACOSX_DEPLOYMENT_TARGET = 10.10;
				MTL_ENABLE_DEBUG_INFO = NO;
				SDKROOT = macosx;
			};
			name = Release;
		};
		72361BCB1A90F4DB000CA293 /* Debug */ = {
			isa = XCBuildConfiguration;
			buildSettings = {
				DYLIB_COMPATIBILITY_VERSION = 1;
				DYLIB_CURRENT_VERSION = 1;
				EXECUTABLE_PREFIX = lib;
				GCC_ENABLE_CPP_EXCEPTIONS = YES;
				GCC_ENABLE_CPP_RTTI = YES;
				GCC_SYMBOLS_PRIVATE_EXTERN = YES;
				PRODUCT_NAME = "$(TARGET_NAME)";
			};
			name = Debug;
		};
		72361BCC1A90F4DB000CA293 /* Release */ = {
			isa = XCBuildConfiguration;
			buildSettings = {
				DYLIB_COMPATIBILITY_VERSION = 1;
				DYLIB_CURRENT_VERSION = 1;
				EXECUTABLE_PREFIX = lib;
				GCC_ENABLE_CPP_EXCEPTIONS = YES;
				GCC_ENABLE_CPP_RTTI = YES;
				GCC_SYMBOLS_PRIVATE_EXTERN = YES;
				PRODUCT_NAME = "$(TARGET_NAME)";
			};
			name = Release;
		};
/* End XCBuildConfiguration section */

/* Begin XCConfigurationList section */
		72329B4E1A940FA30083EA8F /* Build configuration list for PBXNativeTarget "TAModeTest" */ = {
			isa = XCConfigurationList;
			buildConfigurations = (
				72329B4F1A940FA30083EA8F /* Debug */,
				72329B501A940FA30083EA8F /* Release */,
			);
			defaultConfigurationIsVisible = 0;
			defaultConfigurationName = Release;
		};
		72361BBA1A90F4DB000CA293 /* Build configuration list for PBXProject "TAMode" */ = {
			isa = XCConfigurationList;
			buildConfigurations = (
				72361BC81A90F4DB000CA293 /* Debug */,
				72361BC91A90F4DB000CA293 /* Release */,
			);
			defaultConfigurationIsVisible = 0;
			defaultConfigurationName = Release;
		};
		72361BCA1A90F4DB000CA293 /* Build configuration list for PBXNativeTarget "TAMode" */ = {
			isa = XCConfigurationList;
			buildConfigurations = (
				72361BCB1A90F4DB000CA293 /* Debug */,
				72361BCC1A90F4DB000CA293 /* Release */,
			);
			defaultConfigurationIsVisible = 0;
			defaultConfigurationName = Release;
		};
/* End XCConfigurationList section */
	};
	rootObject = 72361BB71A90F4DB000CA293 /* Project object */;
}
